
Microsoft Visual Studio Solution File, Format Version 12.00
# Visual Studio 15
VisualStudioVersion = 15.0.26730.15
MinimumVisualStudioVersion = 10.0.40219.1
Project("{FAE04EC0-301F-11D3-BF4B-00C04F79EFBC}") = "SportStore", "SportStore\SportStore.csproj", "{E32867B1-D427-4F5F-86CC-C3285FEE974C}"
EndProject
Global
	GlobalSection(SolutionConfigurationPlatforms) = preSolution
		Debug|Any CPU = Debug|Any CPU
		Release|Any CPU = Release|Any CPU
	EndGlobalSection
	GlobalSection(ProjectConfigurationPlatforms) = postSolution
		{E32867B1-D427-4F5F-86CC-C3285FEE974C}.Debug|Any CPU.ActiveCfg = Debug|Any CPU
		{E32867B1-D427-4F5F-86CC-C3285FEE974C}.Debug|Any CPU.Build.0 = Debug|Any CPU
		{E32867B1-D427-4F5F-86CC-C3285FEE974C}.Release|Any CPU.ActiveCfg = Release|Any CPU
		{E32867B1-D427-4F5F-86CC-C3285FEE974C}.Release|Any CPU.Build.0 = Release|Any CPU
	EndGlobalSection
	GlobalSection(SolutionProperties) = preSolution
		HideSolutionNode = FALSE
	EndGlobalSection
	GlobalSection(ExtensibilityGlobals) = postSolution
		SolutionGuid = {D0275E7B-4523-4521-9B85-ABBE861F03C5}
	EndGlobalSection
EndGlobal
